// !$*UTF8*$!
{
	archiveVersion = 1;
	classes = {
	};
	objectVersion = 46;
	objects = {

/* Begin PBXBuildFile section */
		940435971E60440F007AD423 /* AppDelegate.swift in Sources */ = {isa = PBXBuildFile; fileRef = 940435961E60440F007AD423 /* AppDelegate.swift */; };
		940435991E60440F007AD423 /* ViewController.swift in Sources */ = {isa = PBXBuildFile; fileRef = 940435981E60440F007AD423 /* ViewController.swift */; };
		9404359C1E60440F007AD423 /* Main.storyboard in Resources */ = {isa = PBXBuildFile; fileRef = 9404359A1E60440F007AD423 /* Main.storyboard */; };
		9404359F1E60440F007AD423 /* CoreDataEstudos.xcdatamodeld in Sources */ = {isa = PBXBuildFile; fileRef = 9404359D1E60440F007AD423 /* CoreDataEstudos.xcdatamodeld */; };
		940435A11E60440F007AD423 /* Assets.xcassets in Resources */ = {isa = PBXBuildFile; fileRef = 940435A01E60440F007AD423 /* Assets.xcassets */; };
		940435A41E60440F007AD423 /* LaunchScreen.storyboard in Resources */ = {isa = PBXBuildFile; fileRef = 940435A21E60440F007AD423 /* LaunchScreen.storyboard */; };
/* End PBXBuildFile section */

/* Begin PBXFileReference section */
		940435931E60440F007AD423 /* CoreDataEstudos.app */ = {isa = PBXFileReference; explicitFileType = wrapper.application; includeInIndex = 0; path = CoreDataEstudos.app; sourceTree = BUILT_PRODUCTS_DIR; };
		940435961E60440F007AD423 /* AppDelegate.swift */ = {isa = PBXFileReference; lastKnownFileType = sourcecode.swift; path = AppDelegate.swift; sourceTree = "<group>"; };
		940435981E60440F007AD423 /* ViewController.swift */ = {isa = PBXFileReference; lastKnownFileType = sourcecode.swift; path = ViewController.swift; sourceTree = "<group>"; };
		9404359B1E60440F007AD423 /* Base */ = {isa = PBXFileReference; lastKnownFileType = file.storyboard; name = Base; path = Base.lproj/Main.storyboard; sourceTree = "<group>"; };
		9404359E1E60440F007AD423 /* CoreDataEstudos.xcdatamodel */ = {isa = PBXFileReference; lastKnownFileType = wrapper.xcdatamodel; path = CoreDataEstudos.xcdatamodel; sourceTree = "<group>"; };
		940435A01E60440F007AD423 /* Assets.xcassets */ = {isa = PBXFileReference; lastKnownFileType = folder.assetcatalog; path = Assets.xcassets; sourceTree = "<group>"; };
		940435A31E60440F007AD423 /* Base */ = {isa = PBXFileReference; lastKnownFileType = file.storyboard; name = Base; path = Base.lproj/LaunchScreen.storyboard; sourceTree = "<group>"; };
		940435A51E60440F007AD423 /* Info.plist */ = {isa = PBXFileReference; lastKnownFileType = text.plist.xml; path = Info.plist; sourceTree = "<group>"; };
/* End PBXFileReference section */

/* Begin PBXFrameworksBuildPhase section */
		940435901E60440F007AD423 /* Frameworks */ = {
			isa = PBXFrameworksBuildPhase;
			buildActionMask = 2147483647;
			files = (
			);
			runOnlyForDeploymentPostprocessing = 0;
		};
/* End PBXFrameworksBuildPhase section */

/* Begin PBXGroup section */
		9404358A1E60440F007AD423 = {
			isa = PBXGroup;
			children = (
				940435951E60440F007AD423 /* CoreDataEstudos */,
				940435941E60440F007AD423 /* Products */,
			);
			sourceTree = "<group>";
		};
		940435941E60440F007AD423 /* Products */ = {
			isa = PBXGroup;
			children = (
				940435931E60440F007AD423 /* CoreDataEstudos.app */,
			);
			name = Products;
			sourceTree = "<group>";
		};
		940435951E60440F007AD423 /* CoreDataEstudos */ = {
			isa = PBXGroup;
			children = (
				940435961E60440F007AD423 /* AppDelegate.swift */,
				940435981E60440F007AD423 /* ViewController.swift */,
				9404359A1E60440F007AD423 /* Main.storyboard */,
				940435A01E60440F007AD423 /* Assets.xcassets */,
				940435A21E60440F007AD423 /* LaunchScreen.storyboard */,
				940435A51E60440F007AD423 /* Info.plist */,
				9404359D1E60440F007AD423 /* CoreDataEstudos.xcdatamodeld */,
			);
			path = CoreDataEstudos;
			sourceTree = "<group>";
		};
/* End PBXGroup section */

/* Begin PBXNativeTarget section */
		940435921E60440F007AD423 /* CoreDataEstudos */ = {
			isa = PBXNativeTarget;
			buildConfigurationList = 940435A81E60440F007AD423 /* Build configuration list for PBXNativeTarget "CoreDataEstudos" */;
			buildPhases = (
				9404358F1E60440F007AD423 /* Sources */,
				940435901E60440F007AD423 /* Frameworks */,
				940435911E60440F007AD423 /* Resources */,
			);
			buildRules = (
			);
			dependencies = (
			);
			name = CoreDataEstudos;
			productName = CoreDataEstudos;
			productReference = 940435931E60440F007AD423 /* CoreDataEstudos.app */;
			productType = "com.apple.product-type.application";
		};
/* End PBXNativeTarget section */

/* Begin PBXProject section */
		9404358B1E60440F007AD423 /* Project object */ = {
			isa = PBXProject;
			attributes = {
				LastSwiftUpdateCheck = 0820;
				LastUpgradeCheck = 0820;
				ORGANIZATIONNAME = "André Luís  Campopiano";
				TargetAttributes = {
					940435921E60440F007AD423 = {
						CreatedOnToolsVersion = 8.2.1;
						DevelopmentTeam = K2ZUEY4TKM;
						ProvisioningStyle = Automatic;
					};
				};
			};
			buildConfigurationList = 9404358E1E60440F007AD423 /* Build configuration list for PBXProject "CoreDataEstudos" */;
			compatibilityVersion = "Xcode 3.2";
			developmentRegion = English;
			hasScannedForEncodings = 0;
			knownRegions = (
				en,
				Base,
			);
			mainGroup = 9404358A1E60440F007AD423;
			productRefGroup = 940435941E60440F007AD423 /* Products */;
			projectDirPath = "";
			projectRoot = "";
			targets = (
				940435921E60440F007AD423 /* CoreDataEstudos */,
			);
		};
/* End PBXProject section */

/* Begin PBXResourcesBuildPhase section */
		940435911E60440F007AD423 /* Resources */ = {
			isa = PBXResourcesBuildPhase;
			buildActionMask = 2147483647;
			files = (
				940435A41E60440F007AD423 /* LaunchScreen.storyboard in Resources */,
				940435A11E60440F007AD423 /* Assets.xcassets in Resources */,
				9404359C1E60440F007AD423 /* Main.storyboard in Resources */,
			);
			runOnlyForDeploymentPostprocessing = 0;
		};
/* End PBXResourcesBuildPhase section */

/* Begin PBXSourcesBuildPhase section */
		9404358F1E60440F007AD423 /* Sources */ = {
			isa = PBXSourcesBuildPhase;
			buildActionMask = 2147483647;
			files = (
				940435991E60440F007AD423 /* ViewController.swift in Sources */,
				940435971E60440F007AD423 /* AppDelegate.swift in Sources */,
				9404359F1E60440F007AD423 /* CoreDataEstudos.xcdatamodeld in Sources */,
			);
			runOnlyForDeploymentPostprocessing = 0;
		};
/* End PBXSourcesBuildPhase section */

/* Begin PBXVariantGroup section */
		9404359A1E60440F007AD423 /* Main.storyboard */ = {
			isa = PBXVariantGroup;
			children = (
				9404359B1E60440F007AD423 /* Base */,
			);
			name = Main.storyboard;
			sourceTree = "<group>";
		};
		940435A21E60440F007AD423 /* LaunchScreen.storyboard */ = {
			isa = PBXVariantGroup;
			children = (
				940435A31E60440F007AD423 /* Base */,
			);
			name = LaunchScreen.storyboard;
			sourceTree = "<group>";
		};
/* End PBXVariantGroup section */

/* Begin XCBuildConfiguration section */
		940435A61E60440F007AD423 /* Debug */ = {
			isa = XCBuildConfiguration;
			buildSettings = {
				ALWAYS_SEARCH_USER_PATHS = NO;
				CLANG_ANALYZER_NONNULL = YES;
				CLANG_CXX_LANGUAGE_STANDARD = "gnu++0x";
				CLANG_CXX_LIBRARY = "libc++";
				CLANG_ENABLE_MODULES = YES;
				CLANG_ENABLE_OBJC_ARC = YES;
				CLANG_WARN_BOOL_CONVERSION = YES;
				CLANG_WARN_CONSTANT_CONVERSION = YES;
				CLANG_WARN_DIRECT_OBJC_ISA_USAGE = YES_ERROR;
				CLANG_WARN_DOCUMENTATION_COMMENTS = YES;
				CLANG_WARN_EMPTY_BODY = YES;
				CLANG_WARN_ENUM_CONVERSION = YES;
				CLANG_WARN_INFINITE_RECURSION = YES;
				CLANG_WARN_INT_CONVERSION = YES;
				CLANG_WARN_OBJC_ROOT_CLASS = YES_ERROR;
				CLANG_WARN_SUSPICIOUS_MOVE = YES;
				CLANG_WARN_UNREACHABLE_CODE = YES;
				CLANG_WARN__DUPLICATE_METHOD_MATCH = YES;
				"CODE_SIGN_IDENTITY[sdk=iphoneos*]" = "iPhone Developer";
				COPY_PHASE_STRIP = NO;
				DEBUG_INFORMATION_FORMAT = dwarf;
				ENABLE_STRICT_OBJC_MSGSEND = YES;
				ENABLE_TESTABILITY = YES;
				GCC_C_LANGUAGE_STANDARD = gnu99;
				GCC_DYNAMIC_NO_PIC = NO;
				GCC_NO_COMMON_BLOCKS = YES;
				GCC_OPTIMIZATION_LEVEL = 0;
				GCC_PREPROCESSOR_DEFINITIONS = (
					"DEBUG=1",
					"$(inherited)",
				);
				GCC_WARN_64_TO_32_BIT_CONVERSION = YES;
				GCC_WARN_ABOUT_RETURN_TYPE = YES_ERROR;
				GCC_WARN_UNDECLARED_SELECTOR = YES;
				GCC_WARN_UNINITIALIZED_AUTOS = YES_AGGRESSIVE;
				GCC_WARN_UNUSED_FUNCTION = YES;
				GCC_WARN_UNUSED_VARIABLE = YES;
				IPHONEOS_DEPLOYMENT_TARGET = 10.2;
				MTL_ENABLE_DEBUG_INFO = YES;
				ONLY_ACTIVE_ARCH = YES;
				SDKROOT = iphoneos;
				SWIFT_ACTIVE_COMPILATION_CONDITIONS = DEBUG;
				SWIFT_OPTIMIZATION_LEVEL = "-Onone";
			};
			name = Debug;
		};
		940435A71E60440F007AD423 /* Release */ = {
			isa = XCBuildConfiguration;
			buildSettings = {
				ALWAYS_SEARCH_USER_PATHS = NO;
				CLANG_ANALYZER_NONNULL = YES;
				CLANG_CXX_LANGUAGE_STANDARD = "gnu++0x";
				CLANG_CXX_LIBRARY = "libc++";
				CLANG_ENABLE_MODULES = YES;
				CLANG_ENABLE_OBJC_ARC = YES;
				CLANG_WARN_BOOL_CONVERSION = YES;
				CLANG_WARN_CONSTANT_CONVERSION = YES;
				CLANG_WARN_DIRECT_OBJC_ISA_USAGE = YES_ERROR;
				CLANG_WARN_DOCUMENTATION_COMMENTS = YES;
				CLANG_WARN_EMPTY_BODY = YES;
				CLANG_WARN_ENUM_CONVERSION = YES;
				CLANG_WARN_INFINITE_RECURSION = YES;
				CLANG_WARN_INT_CONVERSION = YES;
				CLANG_WARN_OBJC_ROOT_CLASS = YES_ERROR;
				CLANG_WARN_SUSPICIOUS_MOVE = YES;
				CLANG_WARN_UNREACHABLE_CODE = YES;
				CLANG_WARN__DUPLICATE_METHOD_MATCH = YES;
				"CODE_SIGN_IDENTITY[sdk=iphoneos*]" = "iPhone Developer";
				COPY_PHASE_STRIP = NO;
				DEBUG_INFORMATION_FORMAT = "dwarf-with-dsym";
				ENABLE_NS_ASSERTIONS = NO;
				ENABLE_STRICT_OBJC_MSGSEND = YES;
				GCC_C_LANGUAGE_STANDARD = gnu99;
				GCC_NO_COMMON_BLOCKS = YES;
				GCC_WARN_64_TO_32_BIT_CONVERSION = YES;
				GCC_WARN_ABOUT_RETURN_TYPE = YES_ERROR;
				GCC_WARN_UNDECLARED_SELECTOR = YES;
				GCC_WARN_UNINITIALIZED_AUTOS = YES_AGGRESSIVE;
				GCC_WARN_UNUSED_FUNCTION = YES;
				GCC_WARN_UNUSED_VARIABLE = YES;
				IPHONEOS_DEPLOYMENT_TARGET = 10.2;
				MTL_ENABLE_DEBUG_INFO = NO;
				SDKROOT = iphoneos;
				SWIFT_OPTIMIZATION_LEVEL = "-Owholemodule";
				VALIDATE_PRODUCT = YES;
			};
			name = Release;
		};
		940435A91E60440F007AD423 /* Debug */ = {
			isa = XCBuildConfiguration;
			buildSettings = {
				ASSETCATALOG_COMPILER_APPICON_NAME = AppIcon;
				DEVELOPMENT_TEAM = K2ZUEY4TKM;
				INFOPLIST_FILE = CoreDataEstudos/Info.plist;
				LD_RUNPATH_SEARCH_PATHS = "$(inherited) @executable_path/Frameworks";
				PRODUCT_BUNDLE_IDENTIFIER = br.com.andrecampopiano.CoreDataEstudos;
				PRODUCT_NAME = "$(TARGET_NAME)";
				SWIFT_VERSION = 3.0;
			};
			name = Debug;
		};
		940435AA1E60440F007AD423 /* Release */ = {
			isa = XCBuildConfiguration;
			buildSettings = {
				ASSETCATALOG_COMPILER_APPICON_NAME = AppIcon;
				DEVELOPMENT_TEAM = K2ZUEY4TKM;
				INFOPLIST_FILE = CoreDataEstudos/Info.plist;
				LD_RUNPATH_SEARCH_PATHS = "$(inherited) @executable_path/Frameworks";
				PRODUCT_BUNDLE_IDENTIFIER = br.com.andrecampopiano.CoreDataEstudos;
				PRODUCT_NAME = "$(TARGET_NAME)";
				SWIFT_VERSION = 3.0;
			};
			name = Release;
		};
/* End XCBuildConfiguration section */

/* Begin XCConfigurationList section */
		9404358E1E60440F007AD423 /* Build configuration list for PBXProject "CoreDataEstudos" */ = {
			isa = XCConfigurationList;
			buildConfigurations = (
				940435A61E60440F007AD423 /* Debug */,
				940435A71E60440F007AD423 /* Release */,
			);
			defaultConfigurationIsVisible = 0;
			defaultConfigurationName = Release;
		};
		940435A81E60440F007AD423 /* Build configuration list for PBXNativeTarget "CoreDataEstudos" */ = {
			isa = XCConfigurationList;
			buildConfigurations = (
				940435A91E60440F007AD423 /* Debug */,
				940435AA1E60440F007AD423 /* Release */,
			);
			defaultConfigurationIsVisible = 0;
		};
/* End XCConfigurationList section */

/* Begin XCVersionGroup section */
		9404359D1E60440F007AD423 /* CoreDataEstudos.xcdatamodeld */ = {
			isa = XCVersionGroup;
			children = (
				9404359E1E60440F007AD423 /* CoreDataEstudos.xcdatamodel */,
			);
			currentVersion = 9404359E1E60440F007AD423 /* CoreDataEstudos.xcdatamodel */;
			path = CoreDataEstudos.xcdatamodeld;
			sourceTree = "<group>";
			versionGroupType = wrapper.xcdatamodel;
		};
/* End XCVersionGroup section */
	};
	rootObject = 9404358B1E60440F007AD423 /* Project object */;
}
